
Microsoft Visual Studio Solution File, Format Version 12.00
# Visual Studio Version 17
VisualStudioVersion = 17.13.35818.85
MinimumVisualStudioVersion = 10.0.40219.1
Project("{FAE04EC0-301F-11D3-BF4B-00C04F79EFBC}") = "QLBH_API", "QLBH_API\QLBH_API.csproj", "{EF806C22-7A08-4AFA-ABE1-A1AD8D70FB48}"
EndProject
Project("{FAE04EC0-301F-11D3-BF4B-00C04F79EFBC}") = "QLBH_WEB", "QLBH_WEB\QLBH_WEB.csproj", "{7A11782B-679F-4F3B-B27D-FC9FA934BBEE}"
EndProject
Project("{FAE04EC0-301F-11D3-BF4B-00C04F79EFBC}") = "WebAdmin", "WebAdmin\WebAdmin.csproj", "{B22DA1ED-D755-4F5B-9E87-21B49E3FADCC}"
EndProject
Global
	GlobalSection(SolutionConfigurationPlatforms) = preSolution
		Debug|Any CPU = Debug|Any CPU
		Release|Any CPU = Release|Any CPU
	EndGlobalSection
	GlobalSection(ProjectConfigurationPlatforms) = postSolution
		{EF806C22-7A08-4AFA-ABE1-A1AD8D70FB48}.Debug|Any CPU.ActiveCfg = Debug|Any CPU
		{EF806C22-7A08-4AFA-ABE1-A1AD8D70FB48}.Debug|Any CPU.Build.0 = Debug|Any CPU
		{EF806C22-7A08-4AFA-ABE1-A1AD8D70FB48}.Release|Any CPU.ActiveCfg = Release|Any CPU
		{EF806C22-7A08-4AFA-ABE1-A1AD8D70FB48}.Release|Any CPU.Build.0 = Release|Any CPU
		{7A11782B-679F-4F3B-B27D-FC9FA934BBEE}.Debug|Any CPU.ActiveCfg = Debug|Any CPU
		{7A11782B-679F-4F3B-B27D-FC9FA934BBEE}.Debug|Any CPU.Build.0 = Debug|Any CPU
		{7A11782B-679F-4F3B-B27D-FC9FA934BBEE}.Release|Any CPU.ActiveCfg = Release|Any CPU
		{7A11782B-679F-4F3B-B27D-FC9FA934BBEE}.Release|Any CPU.Build.0 = Release|Any CPU
		{B22DA1ED-D755-4F5B-9E87-21B49E3FADCC}.Debug|Any CPU.ActiveCfg = Debug|Any CPU
		{B22DA1ED-D755-4F5B-9E87-21B49E3FADCC}.Debug|Any CPU.Build.0 = Debug|Any CPU
		{B22DA1ED-D755-4F5B-9E87-21B49E3FADCC}.Release|Any CPU.ActiveCfg = Release|Any CPU
		{B22DA1ED-D755-4F5B-9E87-21B49E3FADCC}.Release|Any CPU.Build.0 = Release|Any CPU
	EndGlobalSection
	GlobalSection(SolutionProperties) = preSolution
		HideSolutionNode = FALSE
	EndGlobalSection
	GlobalSection(ExtensibilityGlobals) = postSolution
		SolutionGuid = {48B21437-02B4-450E-BE05-CF38FF5FB324}
	EndGlobalSection
EndGlobal
